// !$*UTF8*$!
{
	archiveVersion = 1;
	classes = {
	};
	objectVersion = 50;
	objects = {

/* Begin PBXBuildFile section */
		30205D4A25990DA900AC27F0 /* ChordsLibraryView.swift in Sources */ = {isa = PBXBuildFile; fileRef = 30205D4925990DA900AC27F0 /* ChordsLibraryView.swift */; };
		30205D4D25990DC600AC27F0 /* MakeSequenceView.swift in Sources */ = {isa = PBXBuildFile; fileRef = 30205D4C25990DC600AC27F0 /* MakeSequenceView.swift */; };
		30205D522599170F00AC27F0 /* YourSequencesView.swift in Sources */ = {isa = PBXBuildFile; fileRef = 30205D512599170F00AC27F0 /* YourSequencesView.swift */; };
		30734C24259A4A1E00C79F76 /* Lato-Regular.ttf in Resources */ = {isa = PBXBuildFile; fileRef = 30734C23259A4A1E00C79F76 /* Lato-Regular.ttf */; };
		30C296D425910EC9003BA9F8 /* GuitarChordsApp.swift in Sources */ = {isa = PBXBuildFile; fileRef = 30C296D325910EC9003BA9F8 /* GuitarChordsApp.swift */; };
		30C296D625910EC9003BA9F8 /* AppView.swift in Sources */ = {isa = PBXBuildFile; fileRef = 30C296D525910EC9003BA9F8 /* AppView.swift */; };
		30C296D825910ECB003BA9F8 /* Assets.xcassets in Resources */ = {isa = PBXBuildFile; fileRef = 30C296D725910ECB003BA9F8 /* Assets.xcassets */; };
		30C296DB25910ECB003BA9F8 /* Preview Assets.xcassets in Resources */ = {isa = PBXBuildFile; fileRef = 30C296DA25910ECB003BA9F8 /* Preview Assets.xcassets */; };
/* End PBXBuildFile section */

/* Begin PBXFileReference section */
		30205D4925990DA900AC27F0 /* ChordsLibraryView.swift */ = {isa = PBXFileReference; lastKnownFileType = sourcecode.swift; path = ChordsLibraryView.swift; sourceTree = "<group>"; };
		30205D4C25990DC600AC27F0 /* MakeSequenceView.swift */ = {isa = PBXFileReference; lastKnownFileType = sourcecode.swift; path = MakeSequenceView.swift; sourceTree = "<group>"; };
		30205D512599170F00AC27F0 /* YourSequencesView.swift */ = {isa = PBXFileReference; lastKnownFileType = sourcecode.swift; path = YourSequencesView.swift; sourceTree = "<group>"; };
		30734C23259A4A1E00C79F76 /* Lato-Regular.ttf */ = {isa = PBXFileReference; lastKnownFileType = file; path = "Lato-Regular.ttf"; sourceTree = "<group>"; };
		30C296D025910EC9003BA9F8 /* GuitarChords.app */ = {isa = PBXFileReference; explicitFileType = wrapper.application; includeInIndex = 0; path = GuitarChords.app; sourceTree = BUILT_PRODUCTS_DIR; };
		30C296D325910EC9003BA9F8 /* GuitarChordsApp.swift */ = {isa = PBXFileReference; lastKnownFileType = sourcecode.swift; path = GuitarChordsApp.swift; sourceTree = "<group>"; };
		30C296D525910EC9003BA9F8 /* AppView.swift */ = {isa = PBXFileReference; lastKnownFileType = sourcecode.swift; path = AppView.swift; sourceTree = "<group>"; };
		30C296D725910ECB003BA9F8 /* Assets.xcassets */ = {isa = PBXFileReference; lastKnownFileType = folder.assetcatalog; path = Assets.xcassets; sourceTree = "<group>"; };
		30C296DA25910ECB003BA9F8 /* Preview Assets.xcassets */ = {isa = PBXFileReference; lastKnownFileType = folder.assetcatalog; path = "Preview Assets.xcassets"; sourceTree = "<group>"; };
		30C296DC25910ECB003BA9F8 /* Info.plist */ = {isa = PBXFileReference; lastKnownFileType = text.plist.xml; path = Info.plist; sourceTree = "<group>"; };
/* End PBXFileReference section */

/* Begin PBXFrameworksBuildPhase section */
		30C296CD25910EC9003BA9F8 /* Frameworks */ = {
			isa = PBXFrameworksBuildPhase;
			buildActionMask = 2147483647;
			files = (
			);
			runOnlyForDeploymentPostprocessing = 0;
		};
/* End PBXFrameworksBuildPhase section */

/* Begin PBXGroup section */
		30734C20259A484300C79F76 /* Resources */ = {
			isa = PBXGroup;
			children = (
				30734C22259A488A00C79F76 /* Fonts */,
				30C296D725910ECB003BA9F8 /* Assets.xcassets */,
			);
			path = Resources;
			sourceTree = "<group>";
		};
		30734C22259A488A00C79F76 /* Fonts */ = {
			isa = PBXGroup;
			children = (
				30734C23259A4A1E00C79F76 /* Lato-Regular.ttf */,
			);
			path = Fonts;
			sourceTree = "<group>";
		};
		30C296C725910EC9003BA9F8 = {
			isa = PBXGroup;
			children = (
				30C296D225910EC9003BA9F8 /* GuitarChords */,
				30C296D125910EC9003BA9F8 /* Products */,
			);
			sourceTree = "<group>";
		};
		30C296D125910EC9003BA9F8 /* Products */ = {
			isa = PBXGroup;
			children = (
				30C296D025910EC9003BA9F8 /* GuitarChords.app */,
			);
			name = Products;
			sourceTree = "<group>";
		};
		30C296D225910EC9003BA9F8 /* GuitarChords */ = {
			isa = PBXGroup;
			children = (
				30C296D325910EC9003BA9F8 /* GuitarChordsApp.swift */,
				30C296D525910EC9003BA9F8 /* AppView.swift */,
				30205D512599170F00AC27F0 /* YourSequencesView.swift */,
				30205D4C25990DC600AC27F0 /* MakeSequenceView.swift */,
				30205D4925990DA900AC27F0 /* ChordsLibraryView.swift */,
				30734C20259A484300C79F76 /* Resources */,
				30C296DC25910ECB003BA9F8 /* Info.plist */,
				30C296D925910ECB003BA9F8 /* Preview Content */,
			);
			path = GuitarChords;
			sourceTree = "<group>";
		};
		30C296D925910ECB003BA9F8 /* Preview Content */ = {
			isa = PBXGroup;
			children = (
				30C296DA25910ECB003BA9F8 /* Preview Assets.xcassets */,
			);
			path = "Preview Content";
			sourceTree = "<group>";
		};
/* End PBXGroup section */

/* Begin PBXNativeTarget section */
		30C296CF25910EC9003BA9F8 /* GuitarChords */ = {
			isa = PBXNativeTarget;
			buildConfigurationList = 30C296DF25910ECB003BA9F8 /* Build configuration list for PBXNativeTarget "GuitarChords" */;
			buildPhases = (
				30C296CC25910EC9003BA9F8 /* Sources */,
				30C296CD25910EC9003BA9F8 /* Frameworks */,
				30C296CE25910EC9003BA9F8 /* Resources */,
			);
			buildRules = (
			);
			dependencies = (
			);
			name = GuitarChords;
			productName = GuitarChords;
			productReference = 30C296D025910EC9003BA9F8 /* GuitarChords.app */;
			productType = "com.apple.product-type.application";
		};
/* End PBXNativeTarget section */

/* Begin PBXProject section */
		30C296C825910EC9003BA9F8 /* Project object */ = {
			isa = PBXProject;
			attributes = {
				LastSwiftUpdateCheck = 1220;
				LastUpgradeCheck = 1220;
				TargetAttributes = {
					30C296CF25910EC9003BA9F8 = {
						CreatedOnToolsVersion = 12.2;
					};
				};
			};
			buildConfigurationList = 30C296CB25910EC9003BA9F8 /* Build configuration list for PBXProject "GuitarChords" */;
			compatibilityVersion = "Xcode 9.3";
			developmentRegion = en;
			hasScannedForEncodings = 0;
			knownRegions = (
				en,
				Base,
			);
			mainGroup = 30C296C725910EC9003BA9F8;
			productRefGroup = 30C296D125910EC9003BA9F8 /* Products */;
			projectDirPath = "";
			projectRoot = "";
			targets = (
				30C296CF25910EC9003BA9F8 /* GuitarChords */,
			);
		};
/* End PBXProject section */

/* Begin PBXResourcesBuildPhase section */
		30C296CE25910EC9003BA9F8 /* Resources */ = {
			isa = PBXResourcesBuildPhase;
			buildActionMask = 2147483647;
			files = (
				30C296DB25910ECB003BA9F8 /* Preview Assets.xcassets in Resources */,
				30734C24259A4A1E00C79F76 /* Lato-Regular.ttf in Resources */,
				30C296D825910ECB003BA9F8 /* Assets.xcassets in Resources */,
			);
			runOnlyForDeploymentPostprocessing = 0;
		};
/* End PBXResourcesBuildPhase section */

/* Begin PBXSourcesBuildPhase section */
		30C296CC25910EC9003BA9F8 /* Sources */ = {
			isa = PBXSourcesBuildPhase;
			buildActionMask = 2147483647;
			files = (
				30C296D625910EC9003BA9F8 /* AppView.swift in Sources */,
				30205D522599170F00AC27F0 /* YourSequencesView.swift in Sources */,
				30205D4A25990DA900AC27F0 /* ChordsLibraryView.swift in Sources */,
				30C296D425910EC9003BA9F8 /* GuitarChordsApp.swift in Sources */,
				30205D4D25990DC600AC27F0 /* MakeSequenceView.swift in Sources */,
			);
			runOnlyForDeploymentPostprocessing = 0;
		};
/* End PBXSourcesBuildPhase section */

/* Begin XCBuildConfiguration section */
		30C296DD25910ECB003BA9F8 /* Debug */ = {
			isa = XCBuildConfiguration;
			buildSettings = {
				ALWAYS_SEARCH_USER_PATHS = NO;
				CLANG_ANALYZER_NONNULL = YES;
				CLANG_ANALYZER_NUMBER_OBJECT_CONVERSION = YES_AGGRESSIVE;
				CLANG_CXX_LANGUAGE_STANDARD = "gnu++14";
				CLANG_CXX_LIBRARY = "libc++";
				CLANG_ENABLE_MODULES = YES;
				CLANG_ENABLE_OBJC_ARC = YES;
				CLANG_ENABLE_OBJC_WEAK = YES;
				CLANG_WARN_BLOCK_CAPTURE_AUTORELEASING = YES;
				CLANG_WARN_BOOL_CONVERSION = YES;
				CLANG_WARN_COMMA = YES;
				CLANG_WARN_CONSTANT_CONVERSION = YES;
				CLANG_WARN_DEPRECATED_OBJC_IMPLEMENTATIONS = YES;
				CLANG_WARN_DIRECT_OBJC_ISA_USAGE = YES_ERROR;
				CLANG_WARN_DOCUMENTATION_COMMENTS = YES;
				CLANG_WARN_EMPTY_BODY = YES;
				CLANG_WARN_ENUM_CONVERSION = YES;
				CLANG_WARN_INFINITE_RECURSION = YES;
				CLANG_WARN_INT_CONVERSION = YES;
				CLANG_WARN_NON_LITERAL_NULL_CONVERSION = YES;
				CLANG_WARN_OBJC_IMPLICIT_RETAIN_SELF = YES;
				CLANG_WARN_OBJC_LITERAL_CONVERSION = YES;
				CLANG_WARN_OBJC_ROOT_CLASS = YES_ERROR;
				CLANG_WARN_QUOTED_INCLUDE_IN_FRAMEWORK_HEADER = YES;
				CLANG_WARN_RANGE_LOOP_ANALYSIS = YES;
				CLANG_WARN_STRICT_PROTOTYPES = YES;
				CLANG_WARN_SUSPICIOUS_MOVE = YES;
				CLANG_WARN_UNGUARDED_AVAILABILITY = YES_AGGRESSIVE;
				CLANG_WARN_UNREACHABLE_CODE = YES;
				CLANG_WARN__DUPLICATE_METHOD_MATCH = YES;
				COPY_PHASE_STRIP = NO;
				DEBUG_INFORMATION_FORMAT = dwarf;
				ENABLE_STRICT_OBJC_MSGSEND = YES;
				ENABLE_TESTABILITY = YES;
				GCC_C_LANGUAGE_STANDARD = gnu11;
				GCC_DYNAMIC_NO_PIC = NO;
				GCC_NO_COMMON_BLOCKS = YES;
				GCC_OPTIMIZATION_LEVEL = 0;
				GCC_PREPROCESSOR_DEFINITIONS = (
					"DEBUG=1",
					"$(inherited)",
				);
				GCC_WARN_64_TO_32_BIT_CONVERSION = YES;
				GCC_WARN_ABOUT_RETURN_TYPE = YES_ERROR;
				GCC_WARN_UNDECLARED_SELECTOR = YES;
				GCC_WARN_UNINITIALIZED_AUTOS = YES_AGGRESSIVE;
				GCC_WARN_UNUSED_FUNCTION = YES;
				GCC_WARN_UNUSED_VARIABLE = YES;
				IPHONEOS_DEPLOYMENT_TARGET = 14.2;
				MTL_ENABLE_DEBUG_INFO = INCLUDE_SOURCE;
				MTL_FAST_MATH = YES;
				ONLY_ACTIVE_ARCH = YES;
				SDKROOT = iphoneos;
				SWIFT_ACTIVE_COMPILATION_CONDITIONS = DEBUG;
				SWIFT_OPTIMIZATION_LEVEL = "-Onone";
			};
			name = Debug;
		};
		30C296DE25910ECB003BA9F8 /* Release */ = {
			isa = XCBuildConfiguration;
			buildSettings = {
				ALWAYS_SEARCH_USER_PATHS = NO;
				CLANG_ANALYZER_NONNULL = YES;
				CLANG_ANALYZER_NUMBER_OBJECT_CONVERSION = YES_AGGRESSIVE;
				CLANG_CXX_LANGUAGE_STANDARD = "gnu++14";
				CLANG_CXX_LIBRARY = "libc++";
				CLANG_ENABLE_MODULES = YES;
				CLANG_ENABLE_OBJC_ARC = YES;
				CLANG_ENABLE_OBJC_WEAK = YES;
				CLANG_WARN_BLOCK_CAPTURE_AUTORELEASING = YES;
				CLANG_WARN_BOOL_CONVERSION = YES;
				CLANG_WARN_COMMA = YES;
				CLANG_WARN_CONSTANT_CONVERSION = YES;
				CLANG_WARN_DEPRECATED_OBJC_IMPLEMENTATIONS = YES;
				CLANG_WARN_DIRECT_OBJC_ISA_USAGE = YES_ERROR;
				CLANG_WARN_DOCUMENTATION_COMMENTS = YES;
				CLANG_WARN_EMPTY_BODY = YES;
				CLANG_WARN_ENUM_CONVERSION = YES;
				CLANG_WARN_INFINITE_RECURSION = YES;
				CLANG_WARN_INT_CONVERSION = YES;
				CLANG_WARN_NON_LITERAL_NULL_CONVERSION = YES;
				CLANG_WARN_OBJC_IMPLICIT_RETAIN_SELF = YES;
				CLANG_WARN_OBJC_LITERAL_CONVERSION = YES;
				CLANG_WARN_OBJC_ROOT_CLASS = YES_ERROR;
				CLANG_WARN_QUOTED_INCLUDE_IN_FRAMEWORK_HEADER = YES;
				CLANG_WARN_RANGE_LOOP_ANALYSIS = YES;
				CLANG_WARN_STRICT_PROTOTYPES = YES;
				CLANG_WARN_SUSPICIOUS_MOVE = YES;
				CLANG_WARN_UNGUARDED_AVAILABILITY = YES_AGGRESSIVE;
				CLANG_WARN_UNREACHABLE_CODE = YES;
				CLANG_WARN__DUPLICATE_METHOD_MATCH = YES;
				COPY_PHASE_STRIP = NO;
				DEBUG_INFORMATION_FORMAT = "dwarf-with-dsym";
				ENABLE_NS_ASSERTIONS = NO;
				ENABLE_STRICT_OBJC_MSGSEND = YES;
				GCC_C_LANGUAGE_STANDARD = gnu11;
				GCC_NO_COMMON_BLOCKS = YES;
				GCC_WARN_64_TO_32_BIT_CONVERSION = YES;
				GCC_WARN_ABOUT_RETURN_TYPE = YES_ERROR;
				GCC_WARN_UNDECLARED_SELECTOR = YES;
				GCC_WARN_UNINITIALIZED_AUTOS = YES_AGGRESSIVE;
				GCC_WARN_UNUSED_FUNCTION = YES;
				GCC_WARN_UNUSED_VARIABLE = YES;
				IPHONEOS_DEPLOYMENT_TARGET = 14.2;
				MTL_ENABLE_DEBUG_INFO = NO;
				MTL_FAST_MATH = YES;
				SDKROOT = iphoneos;
				SWIFT_COMPILATION_MODE = wholemodule;
				SWIFT_OPTIMIZATION_LEVEL = "-O";
				VALIDATE_PRODUCT = YES;
			};
			name = Release;
		};
		30C296E025910ECB003BA9F8 /* Debug */ = {
			isa = XCBuildConfiguration;
			buildSettings = {
				ASSETCATALOG_COMPILER_APPICON_NAME = AppIcon;
				ASSETCATALOG_COMPILER_GLOBAL_ACCENT_COLOR_NAME = AccentColor;
				CODE_SIGN_STYLE = Automatic;
				DEVELOPMENT_ASSET_PATHS = "\"GuitarChords/Preview Content\"";
				DEVELOPMENT_TEAM = 34UQ9VN4VQ;
				ENABLE_PREVIEWS = YES;
				INFOPLIST_FILE = GuitarChords/Info.plist;
				IPHONEOS_DEPLOYMENT_TARGET = 14.0;
				LD_RUNPATH_SEARCH_PATHS = (
					"$(inherited)",
					"@executable_path/Frameworks",
				);
				PRODUCT_BUNDLE_IDENTIFIER = com.vr.GuitarChords;
				PRODUCT_NAME = "$(TARGET_NAME)";
				SWIFT_VERSION = 5.0;
				TARGETED_DEVICE_FAMILY = "1,2";
			};
			name = Debug;
		};
		30C296E125910ECB003BA9F8 /* Release */ = {
			isa = XCBuildConfiguration;
			buildSettings = {
				ASSETCATALOG_COMPILER_APPICON_NAME = AppIcon;
				ASSETCATALOG_COMPILER_GLOBAL_ACCENT_COLOR_NAME = AccentColor;
				CODE_SIGN_STYLE = Automatic;
				DEVELOPMENT_ASSET_PATHS = "\"GuitarChords/Preview Content\"";
				DEVELOPMENT_TEAM = 34UQ9VN4VQ;
				ENABLE_PREVIEWS = YES;
				INFOPLIST_FILE = GuitarChords/Info.plist;
				IPHONEOS_DEPLOYMENT_TARGET = 14.0;
				LD_RUNPATH_SEARCH_PATHS = (
					"$(inherited)",
					"@executable_path/Frameworks",
				);
				PRODUCT_BUNDLE_IDENTIFIER = com.vr.GuitarChords;
				PRODUCT_NAME = "$(TARGET_NAME)";
				SWIFT_VERSION = 5.0;
				TARGETED_DEVICE_FAMILY = "1,2";
			};
			name = Release;
		};
/* End XCBuildConfiguration section */

/* Begin XCConfigurationList section */
		30C296CB25910EC9003BA9F8 /* Build configuration list for PBXProject "GuitarChords" */ = {
			isa = XCConfigurationList;
			buildConfigurations = (
				30C296DD25910ECB003BA9F8 /* Debug */,
				30C296DE25910ECB003BA9F8 /* Release */,
			);
			defaultConfigurationIsVisible = 0;
			defaultConfigurationName = Release;
		};
		30C296DF25910ECB003BA9F8 /* Build configuration list for PBXNativeTarget "GuitarChords" */ = {
			isa = XCConfigurationList;
			buildConfigurations = (
				30C296E025910ECB003BA9F8 /* Debug */,
				30C296E125910ECB003BA9F8 /* Release */,
			);
			defaultConfigurationIsVisible = 0;
			defaultConfigurationName = Release;
		};
/* End XCConfigurationList section */
	};
	rootObject = 30C296C825910EC9003BA9F8 /* Project object */;
}
